// !$*UTF8*$!
{
	archiveVersion = 1;
	classes = {
	};
	objectVersion = 55;
	objects = {

/* Begin PBXBuildFile section */
		2C63DD6480EE63B5107C958F /* Pods_ForFlipper_ForFlipperUITests.framework in Frameworks */ = {isa = PBXBuildFile; fileRef = 443B0D4B1D77B5CB65D38B99 /* Pods_ForFlipper_ForFlipperUITests.framework */; };
		A143711FF6AAE1F1E29621EE /* Pods_ForFlipper.framework in Frameworks */ = {isa = PBXBuildFile; fileRef = 9E96E0AADB8D303C55CE8CF7 /* Pods_ForFlipper.framework */; };
		CB737F2D289411600002B9F0 /* AppDelegate.m in Sources */ = {isa = PBXBuildFile; fileRef = CB737F2C289411600002B9F0 /* AppDelegate.m */; };
		CB737F30289411600002B9F0 /* SceneDelegate.m in Sources */ = {isa = PBXBuildFile; fileRef = CB737F2F289411600002B9F0 /* SceneDelegate.m */; };
		CB737F33289411600002B9F0 /* ViewController.m in Sources */ = {isa = PBXBuildFile; fileRef = CB737F32289411600002B9F0 /* ViewController.m */; };
		CB737F36289411600002B9F0 /* Main.storyboard in Resources */ = {isa = PBXBuildFile; fileRef = CB737F34289411600002B9F0 /* Main.storyboard */; };
		CB737F38289411620002B9F0 /* Assets.xcassets in Resources */ = {isa = PBXBuildFile; fileRef = CB737F37289411620002B9F0 /* Assets.xcassets */; };
		CB737F3B289411620002B9F0 /* LaunchScreen.storyboard in Resources */ = {isa = PBXBuildFile; fileRef = CB737F39289411620002B9F0 /* LaunchScreen.storyboard */; };
		CB737F3E289411620002B9F0 /* main.m in Sources */ = {isa = PBXBuildFile; fileRef = CB737F3D289411620002B9F0 /* main.m */; };
		CB737F48289411620002B9F0 /* ForFlipperTests.m in Sources */ = {isa = PBXBuildFile; fileRef = CB737F47289411620002B9F0 /* ForFlipperTests.m */; };
		CB737F52289411620002B9F0 /* ForFlipperUITests.m in Sources */ = {isa = PBXBuildFile; fileRef = CB737F51289411620002B9F0 /* ForFlipperUITests.m */; };
		CB737F54289411620002B9F0 /* ForFlipperUITestsLaunchTests.m in Sources */ = {isa = PBXBuildFile; fileRef = CB737F53289411620002B9F0 /* ForFlipperUITestsLaunchTests.m */; };
		DE84FCA3C2AB8B811E28DCE3 /* Pods_ForFlipperTests.framework in Frameworks */ = {isa = PBXBuildFile; fileRef = BAC798BCF822D8A673497C50 /* Pods_ForFlipperTests.framework */; };
/* End PBXBuildFile section */

/* Begin PBXContainerItemProxy section */
		CB737F44289411620002B9F0 /* PBXContainerItemProxy */ = {
			isa = PBXContainerItemProxy;
			containerPortal = CB737F20289411600002B9F0 /* Project object */;
			proxyType = 1;
			remoteGlobalIDString = CB737F27289411600002B9F0;
			remoteInfo = ForFlipper;
		};
		CB737F4E289411620002B9F0 /* PBXContainerItemProxy */ = {
			isa = PBXContainerItemProxy;
			containerPortal = CB737F20289411600002B9F0 /* Project object */;
			proxyType = 1;
			remoteGlobalIDString = CB737F27289411600002B9F0;
			remoteInfo = ForFlipper;
		};
/* End PBXContainerItemProxy section */

/* Begin PBXFileReference section */
		443B0D4B1D77B5CB65D38B99 /* Pods_ForFlipper_ForFlipperUITests.framework */ = {isa = PBXFileReference; explicitFileType = wrapper.framework; includeInIndex = 0; path = Pods_ForFlipper_ForFlipperUITests.framework; sourceTree = BUILT_PRODUCTS_DIR; };
		502BE366BA3B638968F0EAEA /* Pods-ForFlipper.debug.xcconfig */ = {isa = PBXFileReference; includeInIndex = 1; lastKnownFileType = text.xcconfig; name = "Pods-ForFlipper.debug.xcconfig"; path = "Target Support Files/Pods-ForFlipper/Pods-ForFlipper.debug.xcconfig"; sourceTree = "<group>"; };
		7BEE7A018FF49B2297B33E8E /* Pods-ForFlipper-ForFlipperUITests.release.xcconfig */ = {isa = PBXFileReference; includeInIndex = 1; lastKnownFileType = text.xcconfig; name = "Pods-ForFlipper-ForFlipperUITests.release.xcconfig"; path = "Target Support Files/Pods-ForFlipper-ForFlipperUITests/Pods-ForFlipper-ForFlipperUITests.release.xcconfig"; sourceTree = "<group>"; };
		7D1873F64868613813257DB8 /* Pods-ForFlipper-ForFlipperUITests.debug.xcconfig */ = {isa = PBXFileReference; includeInIndex = 1; lastKnownFileType = text.xcconfig; name = "Pods-ForFlipper-ForFlipperUITests.debug.xcconfig"; path = "Target Support Files/Pods-ForFlipper-ForFlipperUITests/Pods-ForFlipper-ForFlipperUITests.debug.xcconfig"; sourceTree = "<group>"; };
		9E96E0AADB8D303C55CE8CF7 /* Pods_ForFlipper.framework */ = {isa = PBXFileReference; explicitFileType = wrapper.framework; includeInIndex = 0; path = Pods_ForFlipper.framework; sourceTree = BUILT_PRODUCTS_DIR; };
		AFA9C5EB798105DD90C086F8 /* Pods-ForFlipper.release.xcconfig */ = {isa = PBXFileReference; includeInIndex = 1; lastKnownFileType = text.xcconfig; name = "Pods-ForFlipper.release.xcconfig"; path = "Target Support Files/Pods-ForFlipper/Pods-ForFlipper.release.xcconfig"; sourceTree = "<group>"; };
		BAC798BCF822D8A673497C50 /* Pods_ForFlipperTests.framework */ = {isa = PBXFileReference; explicitFileType = wrapper.framework; includeInIndex = 0; path = Pods_ForFlipperTests.framework; sourceTree = BUILT_PRODUCTS_DIR; };
		BFE33BA96F0E26D453702E08 /* Pods-ForFlipperTests.release.xcconfig */ = {isa = PBXFileReference; includeInIndex = 1; lastKnownFileType = text.xcconfig; name = "Pods-ForFlipperTests.release.xcconfig"; path = "Target Support Files/Pods-ForFlipperTests/Pods-ForFlipperTests.release.xcconfig"; sourceTree = "<group>"; };
		CB737F28289411600002B9F0 /* ForFlipper.app */ = {isa = PBXFileReference; explicitFileType = wrapper.application; includeInIndex = 0; path = ForFlipper.app; sourceTree = BUILT_PRODUCTS_DIR; };
		CB737F2B289411600002B9F0 /* AppDelegate.h */ = {isa = PBXFileReference; lastKnownFileType = sourcecode.c.h; path = AppDelegate.h; sourceTree = "<group>"; };
		CB737F2C289411600002B9F0 /* AppDelegate.m */ = {isa = PBXFileReference; lastKnownFileType = sourcecode.c.objc; path = AppDelegate.m; sourceTree = "<group>"; };
		CB737F2E289411600002B9F0 /* SceneDelegate.h */ = {isa = PBXFileReference; lastKnownFileType = sourcecode.c.h; path = SceneDelegate.h; sourceTree = "<group>"; };
		CB737F2F289411600002B9F0 /* SceneDelegate.m */ = {isa = PBXFileReference; lastKnownFileType = sourcecode.c.objc; path = SceneDelegate.m; sourceTree = "<group>"; };
		CB737F31289411600002B9F0 /* ViewController.h */ = {isa = PBXFileReference; lastKnownFileType = sourcecode.c.h; path = ViewController.h; sourceTree = "<group>"; };
		CB737F32289411600002B9F0 /* ViewController.m */ = {isa = PBXFileReference; lastKnownFileType = sourcecode.c.objc; path = ViewController.m; sourceTree = "<group>"; };
		CB737F35289411600002B9F0 /* Base */ = {isa = PBXFileReference; lastKnownFileType = file.storyboard; name = Base; path = Base.lproj/Main.storyboard; sourceTree = "<group>"; };
		CB737F37289411620002B9F0 /* Assets.xcassets */ = {isa = PBXFileReference; lastKnownFileType = folder.assetcatalog; path = Assets.xcassets; sourceTree = "<group>"; };
		CB737F3A289411620002B9F0 /* Base */ = {isa = PBXFileReference; lastKnownFileType = file.storyboard; name = Base; path = Base.lproj/LaunchScreen.storyboard; sourceTree = "<group>"; };
		CB737F3C289411620002B9F0 /* Info.plist */ = {isa = PBXFileReference; lastKnownFileType = text.plist.xml; path = Info.plist; sourceTree = "<group>"; };
		CB737F3D289411620002B9F0 /* main.m */ = {isa = PBXFileReference; lastKnownFileType = sourcecode.c.objc; path = main.m; sourceTree = "<group>"; };
		CB737F43289411620002B9F0 /* ForFlipperTests.xctest */ = {isa = PBXFileReference; explicitFileType = wrapper.cfbundle; includeInIndex = 0; path = ForFlipperTests.xctest; sourceTree = BUILT_PRODUCTS_DIR; };
		CB737F47289411620002B9F0 /* ForFlipperTests.m */ = {isa = PBXFileReference; lastKnownFileType = sourcecode.c.objc; path = ForFlipperTests.m; sourceTree = "<group>"; };
		CB737F4D289411620002B9F0 /* ForFlipperUITests.xctest */ = {isa = PBXFileReference; explicitFileType = wrapper.cfbundle; includeInIndex = 0; path = ForFlipperUITests.xctest; sourceTree = BUILT_PRODUCTS_DIR; };
		CB737F51289411620002B9F0 /* ForFlipperUITests.m */ = {isa = PBXFileReference; lastKnownFileType = sourcecode.c.objc; path = ForFlipperUITests.m; sourceTree = "<group>"; };
		CB737F53289411620002B9F0 /* ForFlipperUITestsLaunchTests.m */ = {isa = PBXFileReference; lastKnownFileType = sourcecode.c.objc; path = ForFlipperUITestsLaunchTests.m; sourceTree = "<group>"; };
		EF15BA5C5005092C0C0C5CE6 /* Pods-ForFlipperTests.debug.xcconfig */ = {isa = PBXFileReference; includeInIndex = 1; lastKnownFileType = text.xcconfig; name = "Pods-ForFlipperTests.debug.xcconfig"; path = "Target Support Files/Pods-ForFlipperTests/Pods-ForFlipperTests.debug.xcconfig"; sourceTree = "<group>"; };
/* End PBXFileReference section */

/* Begin PBXFrameworksBuildPhase section */
		4F7BE994428F69DF9FF2240A /* Frameworks */ = {
			isa = PBXFrameworksBuildPhase;
			buildActionMask = 2147483647;
			files = (
				A143711FF6AAE1F1E29621EE /* Pods_ForFlipper.framework in Frameworks */,
			);
			runOnlyForDeploymentPostprocessing = 0;
		};
		CB737F40289411620002B9F0 /* Frameworks */ = {
			isa = PBXFrameworksBuildPhase;
			buildActionMask = 2147483647;
			files = (
				DE84FCA3C2AB8B811E28DCE3 /* Pods_ForFlipperTests.framework in Frameworks */,
			);
			runOnlyForDeploymentPostprocessing = 0;
		};
		CB737F4A289411620002B9F0 /* Frameworks */ = {
			isa = PBXFrameworksBuildPhase;
			buildActionMask = 2147483647;
			files = (
				2C63DD6480EE63B5107C958F /* Pods_ForFlipper_ForFlipperUITests.framework in Frameworks */,
			);
			runOnlyForDeploymentPostprocessing = 0;
		};
/* End PBXFrameworksBuildPhase section */

/* Begin PBXGroup section */
		0B17FFFA0576284B94306D4D /* Frameworks */ = {
			isa = PBXGroup;
			children = (
				9E96E0AADB8D303C55CE8CF7 /* Pods_ForFlipper.framework */,
				443B0D4B1D77B5CB65D38B99 /* Pods_ForFlipper_ForFlipperUITests.framework */,
				BAC798BCF822D8A673497C50 /* Pods_ForFlipperTests.framework */,
			);
			name = Frameworks;
			sourceTree = "<group>";
		};
		33C8997BC50380DC9B942223 /* Pods */ = {
			isa = PBXGroup;
			children = (
				502BE366BA3B638968F0EAEA /* Pods-ForFlipper.debug.xcconfig */,
				AFA9C5EB798105DD90C086F8 /* Pods-ForFlipper.release.xcconfig */,
				7D1873F64868613813257DB8 /* Pods-ForFlipper-ForFlipperUITests.debug.xcconfig */,
				7BEE7A018FF49B2297B33E8E /* Pods-ForFlipper-ForFlipperUITests.release.xcconfig */,
				EF15BA5C5005092C0C0C5CE6 /* Pods-ForFlipperTests.debug.xcconfig */,
				BFE33BA96F0E26D453702E08 /* Pods-ForFlipperTests.release.xcconfig */,
			);
			path = Pods;
			sourceTree = "<group>";
		};
		CB737F1F289411600002B9F0 = {
			isa = PBXGroup;
			children = (
				CB737F2A289411600002B9F0 /* ForFlipper */,
				CB737F46289411620002B9F0 /* ForFlipperTests */,
				CB737F50289411620002B9F0 /* ForFlipperUITests */,
				CB737F29289411600002B9F0 /* Products */,
				0B17FFFA0576284B94306D4D /* Frameworks */,
				33C8997BC50380DC9B942223 /* Pods */,
			);
			sourceTree = "<group>";
		};
		CB737F29289411600002B9F0 /* Products */ = {
			isa = PBXGroup;
			children = (
				CB737F28289411600002B9F0 /* ForFlipper.app */,
				CB737F43289411620002B9F0 /* ForFlipperTests.xctest */,
				CB737F4D289411620002B9F0 /* ForFlipperUITests.xctest */,
			);
			name = Products;
			sourceTree = "<group>";
		};
		CB737F2A289411600002B9F0 /* ForFlipper */ = {
			isa = PBXGroup;
			children = (
				CB737F2B289411600002B9F0 /* AppDelegate.h */,
				CB737F2C289411600002B9F0 /* AppDelegate.m */,
				CB737F2E289411600002B9F0 /* SceneDelegate.h */,
				CB737F2F289411600002B9F0 /* SceneDelegate.m */,
				CB737F31289411600002B9F0 /* ViewController.h */,
				CB737F32289411600002B9F0 /* ViewController.m */,
				CB737F34289411600002B9F0 /* Main.storyboard */,
				CB737F37289411620002B9F0 /* Assets.xcassets */,
				CB737F39289411620002B9F0 /* LaunchScreen.storyboard */,
				CB737F3C289411620002B9F0 /* Info.plist */,
				CB737F3D289411620002B9F0 /* main.m */,
			);
			path = ForFlipper;
			sourceTree = "<group>";
		};
		CB737F46289411620002B9F0 /* ForFlipperTests */ = {
			isa = PBXGroup;
			children = (
				CB737F47289411620002B9F0 /* ForFlipperTests.m */,
			);
			path = ForFlipperTests;
			sourceTree = "<group>";
		};
		CB737F50289411620002B9F0 /* ForFlipperUITests */ = {
			isa = PBXGroup;
			children = (
				CB737F51289411620002B9F0 /* ForFlipperUITests.m */,
				CB737F53289411620002B9F0 /* ForFlipperUITestsLaunchTests.m */,
			);
			path = ForFlipperUITests;
			sourceTree = "<group>";
		};
/* End PBXGroup section */

/* Begin PBXNativeTarget section */
		CB737F27289411600002B9F0 /* ForFlipper */ = {
			isa = PBXNativeTarget;
			buildConfigurationList = CB737F57289411620002B9F0 /* Build configuration list for PBXNativeTarget "ForFlipper" */;
			buildPhases = (
				DE2C1240B63001DEF5564968 /* [CP] Check Pods Manifest.lock */,
				CB737F24289411600002B9F0 /* Sources */,
				CB737F26289411600002B9F0 /* Resources */,
				4F7BE994428F69DF9FF2240A /* Frameworks */,
				95201243B23733E4BD77A3B1 /* [CP] Embed Pods Frameworks */,
			);
			buildRules = (
			);
			dependencies = (
			);
			name = ForFlipper;
			productName = ForFlipper;
			productReference = CB737F28289411600002B9F0 /* ForFlipper.app */;
			productType = "com.apple.product-type.application";
		};
		CB737F42289411620002B9F0 /* ForFlipperTests */ = {
			isa = PBXNativeTarget;
			buildConfigurationList = CB737F5A289411620002B9F0 /* Build configuration list for PBXNativeTarget "ForFlipperTests" */;
			buildPhases = (
				CCF0373FAAAE8236B815A566 /* [CP] Check Pods Manifest.lock */,
				CB737F3F289411620002B9F0 /* Sources */,
				CB737F40289411620002B9F0 /* Frameworks */,
				CB737F41289411620002B9F0 /* Resources */,
			);
			buildRules = (
			);
			dependencies = (
				CB737F45289411620002B9F0 /* PBXTargetDependency */,
			);
			name = ForFlipperTests;
			productName = ForFlipperTests;
			productReference = CB737F43289411620002B9F0 /* ForFlipperTests.xctest */;
			productType = "com.apple.product-type.bundle.unit-test";
		};
		CB737F4C289411620002B9F0 /* ForFlipperUITests */ = {
			isa = PBXNativeTarget;
			buildConfigurationList = CB737F5D289411620002B9F0 /* Build configuration list for PBXNativeTarget "ForFlipperUITests" */;
			buildPhases = (
				BC53E45E0C850740B3EFD5F0 /* [CP] Check Pods Manifest.lock */,
				CB737F49289411620002B9F0 /* Sources */,
				CB737F4A289411620002B9F0 /* Frameworks */,
				CB737F4B289411620002B9F0 /* Resources */,
				1EB4EB252645D4B930396A54 /* [CP] Embed Pods Frameworks */,
			);
			buildRules = (
			);
			dependencies = (
				CB737F4F289411620002B9F0 /* PBXTargetDependency */,
			);
			name = ForFlipperUITests;
			productName = ForFlipperUITests;
			productReference = CB737F4D289411620002B9F0 /* ForFlipperUITests.xctest */;
			productType = "com.apple.product-type.bundle.ui-testing";
		};
/* End PBXNativeTarget section */

/* Begin PBXProject section */
		CB737F20289411600002B9F0 /* Project object */ = {
			isa = PBXProject;
			attributes = {
				BuildIndependentTargetsInParallel = 1;
				LastUpgradeCheck = 1340;
				TargetAttributes = {
					CB737F27289411600002B9F0 = {
						CreatedOnToolsVersion = 13.4;
					};
					CB737F42289411620002B9F0 = {
						CreatedOnToolsVersion = 13.4;
						TestTargetID = CB737F27289411600002B9F0;
					};
					CB737F4C289411620002B9F0 = {
						CreatedOnToolsVersion = 13.4;
						TestTargetID = CB737F27289411600002B9F0;
					};
				};
			};
			buildConfigurationList = CB737F23289411600002B9F0 /* Build configuration list for PBXProject "ForFlipper" */;
			compatibilityVersion = "Xcode 13.0";
			developmentRegion = en;
			hasScannedForEncodings = 0;
			knownRegions = (
				en,
				Base,
			);
			mainGroup = CB737F1F289411600002B9F0;
			productRefGroup = CB737F29289411600002B9F0 /* Products */;
			projectDirPath = "";
			projectRoot = "";
			targets = (
				CB737F27289411600002B9F0 /* ForFlipper */,
				CB737F42289411620002B9F0 /* ForFlipperTests */,
				CB737F4C289411620002B9F0 /* ForFlipperUITests */,
			);
		};
/* End PBXProject section */

/* Begin PBXResourcesBuildPhase section */
		CB737F26289411600002B9F0 /* Resources */ = {
			isa = PBXResourcesBuildPhase;
			buildActionMask = 2147483647;
			files = (
				CB737F3B289411620002B9F0 /* LaunchScreen.storyboard in Resources */,
				CB737F38289411620002B9F0 /* Assets.xcassets in Resources */,
				CB737F36289411600002B9F0 /* Main.storyboard in Resources */,
			);
			runOnlyForDeploymentPostprocessing = 0;
		};
		CB737F41289411620002B9F0 /* Resources */ = {
			isa = PBXResourcesBuildPhase;
			buildActionMask = 2147483647;
			files = (
			);
			runOnlyForDeploymentPostprocessing = 0;
		};
		CB737F4B289411620002B9F0 /* Resources */ = {
			isa = PBXResourcesBuildPhase;
			buildActionMask = 2147483647;
			files = (
			);
			runOnlyForDeploymentPostprocessing = 0;
		};
/* End PBXResourcesBuildPhase section */

/* Begin PBXShellScriptBuildPhase section */
		1EB4EB252645D4B930396A54 /* [CP] Embed Pods Frameworks */ = {
			isa = PBXShellScriptBuildPhase;
			buildActionMask = 2147483647;
			files = (
			);
			inputFileListPaths = (
				"${PODS_ROOT}/Target Support Files/Pods-ForFlipper-ForFlipperUITests/Pods-ForFlipper-ForFlipperUITests-frameworks-${CONFIGURATION}-input-files.xcfilelist",
			);
			name = "[CP] Embed Pods Frameworks";
			outputFileListPaths = (
				"${PODS_ROOT}/Target Support Files/Pods-ForFlipper-ForFlipperUITests/Pods-ForFlipper-ForFlipperUITests-frameworks-${CONFIGURATION}-output-files.xcfilelist",
			);
			runOnlyForDeploymentPostprocessing = 0;
			shellPath = /bin/sh;
			shellScript = "\"${PODS_ROOT}/Target Support Files/Pods-ForFlipper-ForFlipperUITests/Pods-ForFlipper-ForFlipperUITests-frameworks.sh\"\n";
			showEnvVarsInLog = 0;
		};
		95201243B23733E4BD77A3B1 /* [CP] Embed Pods Frameworks */ = {
			isa = PBXShellScriptBuildPhase;
			buildActionMask = 2147483647;
			files = (
			);
			inputFileListPaths = (
				"${PODS_ROOT}/Target Support Files/Pods-ForFlipper/Pods-ForFlipper-frameworks-${CONFIGURATION}-input-files.xcfilelist",
			);
			name = "[CP] Embed Pods Frameworks";
			outputFileListPaths = (
				"${PODS_ROOT}/Target Support Files/Pods-ForFlipper/Pods-ForFlipper-frameworks-${CONFIGURATION}-output-files.xcfilelist",
			);
			runOnlyForDeploymentPostprocessing = 0;
			shellPath = /bin/sh;
			shellScript = "\"${PODS_ROOT}/Target Support Files/Pods-ForFlipper/Pods-ForFlipper-frameworks.sh\"\n";
			showEnvVarsInLog = 0;
		};
		BC53E45E0C850740B3EFD5F0 /* [CP] Check Pods Manifest.lock */ = {
			isa = PBXShellScriptBuildPhase;
			buildActionMask = 2147483647;
			files = (
			);
			inputFileListPaths = (
			);
			inputPaths = (
				"${PODS_PODFILE_DIR_PATH}/Podfile.lock",
				"${PODS_ROOT}/Manifest.lock",
			);
			name = "[CP] Check Pods Manifest.lock";
			outputFileListPaths = (
			);
			outputPaths = (
				"$(DERIVED_FILE_DIR)/Pods-ForFlipper-ForFlipperUITests-checkManifestLockResult.txt",
			);
			runOnlyForDeploymentPostprocessing = 0;
			shellPath = /bin/sh;
			shellScript = "diff \"${PODS_PODFILE_DIR_PATH}/Podfile.lock\" \"${PODS_ROOT}/Manifest.lock\" > /dev/null\nif [ $? != 0 ] ; then\n    # print error to STDERR\n    echo \"error: The sandbox is not in sync with the Podfile.lock. Run 'pod install' or update your CocoaPods installation.\" >&2\n    exit 1\nfi\n# This output is used by Xcode 'outputs' to avoid re-running this script phase.\necho \"SUCCESS\" > \"${SCRIPT_OUTPUT_FILE_0}\"\n";
			showEnvVarsInLog = 0;
		};
		CCF0373FAAAE8236B815A566 /* [CP] Check Pods Manifest.lock */ = {
			isa = PBXShellScriptBuildPhase;
			buildActionMask = 2147483647;
			files = (
			);
			inputFileListPaths = (
			);
			inputPaths = (
				"${PODS_PODFILE_DIR_PATH}/Podfile.lock",
				"${PODS_ROOT}/Manifest.lock",
			);
			name = "[CP] Check Pods Manifest.lock";
			outputFileListPaths = (
			);
			outputPaths = (
				"$(DERIVED_FILE_DIR)/Pods-ForFlipperTests-checkManifestLockResult.txt",
			);
			runOnlyForDeploymentPostprocessing = 0;
			shellPath = /bin/sh;
			shellScript = "diff \"${PODS_PODFILE_DIR_PATH}/Podfile.lock\" \"${PODS_ROOT}/Manifest.lock\" > /dev/null\nif [ $? != 0 ] ; then\n    # print error to STDERR\n    echo \"error: The sandbox is not in sync with the Podfile.lock. Run 'pod install' or update your CocoaPods installation.\" >&2\n    exit 1\nfi\n# This output is used by Xcode 'outputs' to avoid re-running this script phase.\necho \"SUCCESS\" > \"${SCRIPT_OUTPUT_FILE_0}\"\n";
			showEnvVarsInLog = 0;
		};
		DE2C1240B63001DEF5564968 /* [CP] Check Pods Manifest.lock */ = {
			isa = PBXShellScriptBuildPhase;
			buildActionMask = 12;
			files = (
			);
			inputFileListPaths = (
			);
			inputPaths = (
				"${PODS_PODFILE_DIR_PATH}/Podfile.lock",
				"${PODS_ROOT}/Manifest.lock",
			);
			name = "[CP] Check Pods Manifest.lock";
			outputFileListPaths = (
			);
			outputPaths = (
				"$(DERIVED_FILE_DIR)/Pods-ForFlipper-checkManifestLockResult.txt",
			);
			runOnlyForDeploymentPostprocessing = 0;
			shellPath = /bin/sh;
			shellScript = "diff \"${PODS_PODFILE_DIR_PATH}/Podfile.lock\" \"${PODS_ROOT}/Manifest.lock\" > /dev/null\nif [ $? != 0 ] ; then\n    # print error to STDERR\n    echo \"error: The sandbox is not in sync with the Podfile.lock. Run 'pod install' or update your CocoaPods installation.\" >&2\n    exit 1\nfi\n# This output is used by Xcode 'outputs' to avoid re-running this script phase.\necho \"SUCCESS\" > \"${SCRIPT_OUTPUT_FILE_0}\"\n";
			showEnvVarsInLog = 0;
		};
/* End PBXShellScriptBuildPhase section */

/* Begin PBXSourcesBuildPhase section */
		CB737F24289411600002B9F0 /* Sources */ = {
			isa = PBXSourcesBuildPhase;
			buildActionMask = 2147483647;
			files = (
				CB737F33289411600002B9F0 /* ViewController.m in Sources */,
				CB737F2D289411600002B9F0 /* AppDelegate.m in Sources */,
				CB737F3E289411620002B9F0 /* main.m in Sources */,
				CB737F30289411600002B9F0 /* SceneDelegate.m in Sources */,
			);
			runOnlyForDeploymentPostprocessing = 0;
		};
		CB737F3F289411620002B9F0 /* Sources */ = {
			isa = PBXSourcesBuildPhase;
			buildActionMask = 2147483647;
			files = (
				CB737F48289411620002B9F0 /* ForFlipperTests.m in Sources */,
			);
			runOnlyForDeploymentPostprocessing = 0;
		};
		CB737F49289411620002B9F0 /* Sources */ = {
			isa = PBXSourcesBuildPhase;
			buildActionMask = 2147483647;
			files = (
				CB737F52289411620002B9F0 /* ForFlipperUITests.m in Sources */,
				CB737F54289411620002B9F0 /* ForFlipperUITestsLaunchTests.m in Sources */,
			);
			runOnlyForDeploymentPostprocessing = 0;
		};
/* End PBXSourcesBuildPhase section */

/* Begin PBXTargetDependency section */
		CB737F45289411620002B9F0 /* PBXTargetDependency */ = {
			isa = PBXTargetDependency;
			target = CB737F27289411600002B9F0 /* ForFlipper */;
			targetProxy = CB737F44289411620002B9F0 /* PBXContainerItemProxy */;
		};
		CB737F4F289411620002B9F0 /* PBXTargetDependency */ = {
			isa = PBXTargetDependency;
			target = CB737F27289411600002B9F0 /* ForFlipper */;
			targetProxy = CB737F4E289411620002B9F0 /* PBXContainerItemProxy */;
		};
/* End PBXTargetDependency section */

/* Begin PBXVariantGroup section */
		CB737F34289411600002B9F0 /* Main.storyboard */ = {
			isa = PBXVariantGroup;
			children = (
				CB737F35289411600002B9F0 /* Base */,
			);
			name = Main.storyboard;
			sourceTree = "<group>";
		};
		CB737F39289411620002B9F0 /* LaunchScreen.storyboard */ = {
			isa = PBXVariantGroup;
			children = (
				CB737F3A289411620002B9F0 /* Base */,
			);
			name = LaunchScreen.storyboard;
			sourceTree = "<group>";
		};
/* End PBXVariantGroup section */

/* Begin XCBuildConfiguration section */
		CB737F55289411620002B9F0 /* Debug */ = {
			isa = XCBuildConfiguration;
			buildSettings = {
				ALWAYS_SEARCH_USER_PATHS = NO;
				CLANG_ANALYZER_NONNULL = YES;
				CLANG_ANALYZER_NUMBER_OBJECT_CONVERSION = YES_AGGRESSIVE;
				CLANG_CXX_LANGUAGE_STANDARD = "gnu++17";
				CLANG_ENABLE_MODULES = YES;
				CLANG_ENABLE_OBJC_ARC = YES;
				CLANG_ENABLE_OBJC_WEAK = YES;
				CLANG_WARN_BLOCK_CAPTURE_AUTORELEASING = YES;
				CLANG_WARN_BOOL_CONVERSION = YES;
				CLANG_WARN_COMMA = YES;
				CLANG_WARN_CONSTANT_CONVERSION = YES;
				CLANG_WARN_DEPRECATED_OBJC_IMPLEMENTATIONS = YES;
				CLANG_WARN_DIRECT_OBJC_ISA_USAGE = YES_ERROR;
				CLANG_WARN_DOCUMENTATION_COMMENTS = YES;
				CLANG_WARN_EMPTY_BODY = YES;
				CLANG_WARN_ENUM_CONVERSION = YES;
				CLANG_WARN_INFINITE_RECURSION = YES;
				CLANG_WARN_INT_CONVERSION = YES;
				CLANG_WARN_NON_LITERAL_NULL_CONVERSION = YES;
				CLANG_WARN_OBJC_IMPLICIT_RETAIN_SELF = YES;
				CLANG_WARN_OBJC_LITERAL_CONVERSION = YES;
				CLANG_WARN_OBJC_ROOT_CLASS = YES_ERROR;
				CLANG_WARN_QUOTED_INCLUDE_IN_FRAMEWORK_HEADER = YES;
				CLANG_WARN_RANGE_LOOP_ANALYSIS = YES;
				CLANG_WARN_STRICT_PROTOTYPES = YES;
				CLANG_WARN_SUSPICIOUS_MOVE = YES;
				CLANG_WARN_UNGUARDED_AVAILABILITY = YES_AGGRESSIVE;
				CLANG_WARN_UNREACHABLE_CODE = YES;
				CLANG_WARN__DUPLICATE_METHOD_MATCH = YES;
				COPY_PHASE_STRIP = NO;
				DEBUG_INFORMATION_FORMAT = dwarf;
				ENABLE_STRICT_OBJC_MSGSEND = YES;
				ENABLE_TESTABILITY = YES;
				GCC_C_LANGUAGE_STANDARD = gnu11;
				GCC_DYNAMIC_NO_PIC = NO;
				GCC_NO_COMMON_BLOCKS = YES;
				GCC_OPTIMIZATION_LEVEL = 0;
				GCC_PREPROCESSOR_DEFINITIONS = (
					"DEBUG=1",
					"$(inherited)",
				);
				GCC_WARN_64_TO_32_BIT_CONVERSION = YES;
				GCC_WARN_ABOUT_RETURN_TYPE = YES_ERROR;
				GCC_WARN_UNDECLARED_SELECTOR = YES;
				GCC_WARN_UNINITIALIZED_AUTOS = YES_AGGRESSIVE;
				GCC_WARN_UNUSED_FUNCTION = YES;
				GCC_WARN_UNUSED_VARIABLE = YES;
				IPHONEOS_DEPLOYMENT_TARGET = 15.5;
				MTL_ENABLE_DEBUG_INFO = INCLUDE_SOURCE;
				MTL_FAST_MATH = YES;
				ONLY_ACTIVE_ARCH = YES;
				SDKROOT = iphoneos;
			};
			name = Debug;
		};
		CB737F56289411620002B9F0 /* Release */ = {
			isa = XCBuildConfiguration;
			buildSettings = {
				ALWAYS_SEARCH_USER_PATHS = NO;
				CLANG_ANALYZER_NONNULL = YES;
				CLANG_ANALYZER_NUMBER_OBJECT_CONVERSION = YES_AGGRESSIVE;
				CLANG_CXX_LANGUAGE_STANDARD = "gnu++17";
				CLANG_ENABLE_MODULES = YES;
				CLANG_ENABLE_OBJC_ARC = YES;
				CLANG_ENABLE_OBJC_WEAK = YES;
				CLANG_WARN_BLOCK_CAPTURE_AUTORELEASING = YES;
				CLANG_WARN_BOOL_CONVERSION = YES;
				CLANG_WARN_COMMA = YES;
				CLANG_WARN_CONSTANT_CONVERSION = YES;
				CLANG_WARN_DEPRECATED_OBJC_IMPLEMENTATIONS = YES;
				CLANG_WARN_DIRECT_OBJC_ISA_USAGE = YES_ERROR;
				CLANG_WARN_DOCUMENTATION_COMMENTS = YES;
				CLANG_WARN_EMPTY_BODY = YES;
				CLANG_WARN_ENUM_CONVERSION = YES;
				CLANG_WARN_INFINITE_RECURSION = YES;
				CLANG_WARN_INT_CONVERSION = YES;
				CLANG_WARN_NON_LITERAL_NULL_CONVERSION = YES;
				CLANG_WARN_OBJC_IMPLICIT_RETAIN_SELF = YES;
				CLANG_WARN_OBJC_LITERAL_CONVERSION = YES;
				CLANG_WARN_OBJC_ROOT_CLASS = YES_ERROR;
				CLANG_WARN_QUOTED_INCLUDE_IN_FRAMEWORK_HEADER = YES;
				CLANG_WARN_RANGE_LOOP_ANALYSIS = YES;
				CLANG_WARN_STRICT_PROTOTYPES = YES;
				CLANG_WARN_SUSPICIOUS_MOVE = YES;
				CLANG_WARN_UNGUARDED_AVAILABILITY = YES_AGGRESSIVE;
				CLANG_WARN_UNREACHABLE_CODE = YES;
				CLANG_WARN__DUPLICATE_METHOD_MATCH = YES;
				COPY_PHASE_STRIP = NO;
				DEBUG_INFORMATION_FORMAT = "dwarf-with-dsym";
				ENABLE_NS_ASSERTIONS = NO;
				ENABLE_STRICT_OBJC_MSGSEND = YES;
				GCC_C_LANGUAGE_STANDARD = gnu11;
				GCC_NO_COMMON_BLOCKS = YES;
				GCC_WARN_64_TO_32_BIT_CONVERSION = YES;
				GCC_WARN_ABOUT_RETURN_TYPE = YES_ERROR;
				GCC_WARN_UNDECLARED_SELECTOR = YES;
				GCC_WARN_UNINITIALIZED_AUTOS = YES_AGGRESSIVE;
				GCC_WARN_UNUSED_FUNCTION = YES;
				GCC_WARN_UNUSED_VARIABLE = YES;
				IPHONEOS_DEPLOYMENT_TARGET = 15.5;
				MTL_ENABLE_DEBUG_INFO = NO;
				MTL_FAST_MATH = YES;
				SDKROOT = iphoneos;
				VALIDATE_PRODUCT = YES;
			};
			name = Release;
		};
		CB737F58289411620002B9F0 /* Debug */ = {
			isa = XCBuildConfiguration;
			baseConfigurationReference = 502BE366BA3B638968F0EAEA /* Pods-ForFlipper.debug.xcconfig */;
			buildSettings = {
				ASSETCATALOG_COMPILER_APPICON_NAME = AppIcon;
				ASSETCATALOG_COMPILER_GLOBAL_ACCENT_COLOR_NAME = AccentColor;
				CODE_SIGN_STYLE = Automatic;
				CURRENT_PROJECT_VERSION = 1;
				DEVELOPMENT_TEAM = DCM8Y9779K;
				"EXCLUDED_ARCHS[sdk=iphonesimulator*]" = arm64;
				GENERATE_INFOPLIST_FILE = YES;
				INFOPLIST_FILE = ForFlipper/Info.plist;
				INFOPLIST_KEY_UIApplicationSupportsIndirectInputEvents = YES;
				INFOPLIST_KEY_UILaunchStoryboardName = LaunchScreen;
				INFOPLIST_KEY_UIMainStoryboardFile = Main;
				INFOPLIST_KEY_UISupportedInterfaceOrientations_iPad = "UIInterfaceOrientationPortrait UIInterfaceOrientationPortraitUpsideDown UIInterfaceOrientationLandscapeLeft UIInterfaceOrientationLandscapeRight";
				INFOPLIST_KEY_UISupportedInterfaceOrientations_iPhone = "UIInterfaceOrientationPortrait UIInterfaceOrientationLandscapeLeft UIInterfaceOrientationLandscapeRight";
				LD_RUNPATH_SEARCH_PATHS = (
					"$(inherited)",
					"@executable_path/Frameworks",
				);
				MARKETING_VERSION = 1.0;
				OTHER_CFLAGS = (
					"$(inherited)",
					"-DFB_SONARKIT_ENABLED=1",
				);
				OTHER_LDFLAGS = "$(inherited)";
				OTHER_SWIFT_FLAGS = "$(inherited) -Xcc -DFB_SONARKIT_ENABLED";
				PRODUCT_BUNDLE_IDENTIFIER = com.jidu.ForFlipper;
				PRODUCT_NAME = "$(TARGET_NAME)";
				SWIFT_EMIT_LOC_STRINGS = YES;
				TARGETED_DEVICE_FAMILY = "1,2";
			};
			name = Debug;
		};
		CB737F59289411620002B9F0 /* Release */ = {
			isa = XCBuildConfiguration;
			baseConfigurationReference = AFA9C5EB798105DD90C086F8 /* Pods-ForFlipper.release.xcconfig */;
			buildSettings = {
				ASSETCATALOG_COMPILER_APPICON_NAME = AppIcon;
				ASSETCATALOG_COMPILER_GLOBAL_ACCENT_COLOR_NAME = AccentColor;
				CODE_SIGN_STYLE = Automatic;
				CURRENT_PROJECT_VERSION = 1;
				DEVELOPMENT_TEAM = DCM8Y9779K;
				"EXCLUDED_ARCHS[sdk=iphonesimulator*]" = arm64;
				GENERATE_INFOPLIST_FILE = YES;
				INFOPLIST_FILE = ForFlipper/Info.plist;
				INFOPLIST_KEY_UIApplicationSupportsIndirectInputEvents = YES;
				INFOPLIST_KEY_UILaunchStoryboardName = LaunchScreen;
				INFOPLIST_KEY_UIMainStoryboardFile = Main;
				INFOPLIST_KEY_UISupportedInterfaceOrientations_iPad = "UIInterfaceOrientationPortrait UIInterfaceOrientationPortraitUpsideDown UIInterfaceOrientationLandscapeLeft UIInterfaceOrientationLandscapeRight";
				INFOPLIST_KEY_UISupportedInterfaceOrientations_iPhone = "UIInterfaceOrientationPortrait UIInterfaceOrientationLandscapeLeft UIInterfaceOrientationLandscapeRight";
				LD_RUNPATH_SEARCH_PATHS = (
					"$(inherited)",
					"@executable_path/Frameworks",
				);
				MARKETING_VERSION = 1.0;
				OTHER_CFLAGS = (
					"$(inherited)",
					"-DFB_SONARKIT_ENABLED=1",
				);
				OTHER_LDFLAGS = "$(inherited)";
				OTHER_SWIFT_FLAGS = "$(inherited) -Xcc -DFB_SONARKIT_ENABLED";
				PRODUCT_BUNDLE_IDENTIFIER = com.jidu.ForFlipper;
				PRODUCT_NAME = "$(TARGET_NAME)";
				SWIFT_EMIT_LOC_STRINGS = YES;
				TARGETED_DEVICE_FAMILY = "1,2";
			};
			name = Release;
		};
		CB737F5B289411620002B9F0 /* Debug */ = {
			isa = XCBuildConfiguration;
			baseConfigurationReference = EF15BA5C5005092C0C0C5CE6 /* Pods-ForFlipperTests.debug.xcconfig */;
			buildSettings = {
				BUNDLE_LOADER = "$(TEST_HOST)";
				CODE_SIGN_STYLE = Automatic;
				CURRENT_PROJECT_VERSION = 1;
				DEVELOPMENT_TEAM = DCM8Y9779K;
				"EXCLUDED_ARCHS[sdk=iphonesimulator*]" = arm64;
				GENERATE_INFOPLIST_FILE = YES;
				IPHONEOS_DEPLOYMENT_TARGET = 15.5;
				MARKETING_VERSION = 1.0;
				OTHER_CFLAGS = (
					"$(inherited)",
					"-DFB_SONARKIT_ENABLED=1",
				);
				OTHER_SWIFT_FLAGS = "$(inherited) -Xcc -DFB_SONARKIT_ENABLED";
				PRODUCT_BUNDLE_IDENTIFIER = com.jidu.ForFlipperTests;
				PRODUCT_NAME = "$(TARGET_NAME)";
				SWIFT_EMIT_LOC_STRINGS = NO;
				TARGETED_DEVICE_FAMILY = "1,2";
				TEST_HOST = "$(BUILT_PRODUCTS_DIR)/ForFlipper.app/ForFlipper";
			};
			name = Debug;
		};
		CB737F5C289411620002B9F0 /* Release */ = {
			isa = XCBuildConfiguration;
			baseConfigurationReference = BFE33BA96F0E26D453702E08 /* Pods-ForFlipperTests.release.xcconfig */;
			buildSettings = {
				BUNDLE_LOADER = "$(TEST_HOST)";
				CODE_SIGN_STYLE = Automatic;
				CURRENT_PROJECT_VERSION = 1;
				DEVELOPMENT_TEAM = DCM8Y9779K;
				"EXCLUDED_ARCHS[sdk=iphonesimulator*]" = arm64;
				GENERATE_INFOPLIST_FILE = YES;
				IPHONEOS_DEPLOYMENT_TARGET = 15.5;
				MARKETING_VERSION = 1.0;
				OTHER_CFLAGS = (
					"$(inherited)",
					"-DFB_SONARKIT_ENABLED=1",
				);
				OTHER_SWIFT_FLAGS = "$(inherited) -Xcc -DFB_SONARKIT_ENABLED";
				PRODUCT_BUNDLE_IDENTIFIER = com.jidu.ForFlipperTests;
				PRODUCT_NAME = "$(TARGET_NAME)";
				SWIFT_EMIT_LOC_STRINGS = NO;
				TARGETED_DEVICE_FAMILY = "1,2";
				TEST_HOST = "$(BUILT_PRODUCTS_DIR)/ForFlipper.app/ForFlipper";
			};
			name = Release;
		};
		CB737F5E289411620002B9F0 /* Debug */ = {
			isa = XCBuildConfiguration;
			baseConfigurationReference = 7D1873F64868613813257DB8 /* Pods-ForFlipper-ForFlipperUITests.debug.xcconfig */;
			buildSettings = {
				CODE_SIGN_STYLE = Automatic;
				CURRENT_PROJECT_VERSION = 1;
				DEVELOPMENT_TEAM = DCM8Y9779K;
				"EXCLUDED_ARCHS[sdk=iphonesimulator*]" = arm64;
				GENERATE_INFOPLIST_FILE = YES;
				MARKETING_VERSION = 1.0;
				OTHER_CFLAGS = (
					"$(inherited)",
					"-DFB_SONARKIT_ENABLED=1",
				);
				OTHER_SWIFT_FLAGS = "$(inherited) -Xcc -DFB_SONARKIT_ENABLED";
				PRODUCT_BUNDLE_IDENTIFIER = com.jidu.ForFlipperUITests;
				PRODUCT_NAME = "$(TARGET_NAME)";
				SWIFT_EMIT_LOC_STRINGS = NO;
				TARGETED_DEVICE_FAMILY = "1,2";
				TEST_TARGET_NAME = ForFlipper;
			};
			name = Debug;
		};
		CB737F5F289411620002B9F0 /* Release */ = {
			isa = XCBuildConfiguration;
			baseConfigurationReference = 7BEE7A018FF49B2297B33E8E /* Pods-ForFlipper-ForFlipperUITests.release.xcconfig */;
			buildSettings = {
				CODE_SIGN_STYLE = Automatic;
				CURRENT_PROJECT_VERSION = 1;
				DEVELOPMENT_TEAM = DCM8Y9779K;
				"EXCLUDED_ARCHS[sdk=iphonesimulator*]" = arm64;
				GENERATE_INFOPLIST_FILE = YES;
				MARKETING_VERSION = 1.0;
				OTHER_CFLAGS = (
					"$(inherited)",
					"-DFB_SONARKIT_ENABLED=1",
				);
				OTHER_SWIFT_FLAGS = "$(inherited) -Xcc -DFB_SONARKIT_ENABLED";
				PRODUCT_BUNDLE_IDENTIFIER = com.jidu.ForFlipperUITests;
				PRODUCT_NAME = "$(TARGET_NAME)";
				SWIFT_EMIT_LOC_STRINGS = NO;
				TARGETED_DEVICE_FAMILY = "1,2";
				TEST_TARGET_NAME = ForFlipper;
			};
			name = Release;
		};
/* End XCBuildConfiguration section */

/* Begin XCConfigurationList section */
		CB737F23289411600002B9F0 /* Build configuration list for PBXProject "ForFlipper" */ = {
			isa = XCConfigurationList;
			buildConfigurations = (
				CB737F55289411620002B9F0 /* Debug */,
				CB737F56289411620002B9F0 /* Release */,
			);
			defaultConfigurationIsVisible = 0;
			defaultConfigurationName = Release;
		};
		CB737F57289411620002B9F0 /* Build configuration list for PBXNativeTarget "ForFlipper" */ = {
			isa = XCConfigurationList;
			buildConfigurations = (
				CB737F58289411620002B9F0 /* Debug */,
				CB737F59289411620002B9F0 /* Release */,
			);
			defaultConfigurationIsVisible = 0;
			defaultConfigurationName = Release;
		};
		CB737F5A289411620002B9F0 /* Build configuration list for PBXNativeTarget "ForFlipperTests" */ = {
			isa = XCConfigurationList;
			buildConfigurations = (
				CB737F5B289411620002B9F0 /* Debug */,
				CB737F5C289411620002B9F0 /* Release */,
			);
			defaultConfigurationIsVisible = 0;
			defaultConfigurationName = Release;
		};
		CB737F5D289411620002B9F0 /* Build configuration list for PBXNativeTarget "ForFlipperUITests" */ = {
			isa = XCConfigurationList;
			buildConfigurations = (
				CB737F5E289411620002B9F0 /* Debug */,
				CB737F5F289411620002B9F0 /* Release */,
			);
			defaultConfigurationIsVisible = 0;
			defaultConfigurationName = Release;
		};
/* End XCConfigurationList section */
	};
	rootObject = CB737F20289411600002B9F0 /* Project object */;
}
